
Microsoft Visual Studio Solution File, Format Version 12.00
# Visual Studio Version 16
VisualStudioVersion = 16.0.30225.117
MinimumVisualStudioVersion = 10.0.40219.1
Project("{FAE04EC0-301F-11D3-BF4B-00C04F79EFBC}") = "Lager", "Lager\Lager.csproj", "{594BB277-72B1-428C-8196-F0300861BE85}"
EndProject
Project("{FAE04EC0-301F-11D3-BF4B-00C04F79EFBC}") = "Lager.Core", "Lager.Core\Lager.Core.csproj", "{2592B6FB-D032-4B39-B265-4F1EDC0DA93B}"
EndProject
Project("{FAE04EC0-301F-11D3-BF4B-00C04F79EFBC}") = "UnitTest.Test", "UnitTest.Test\UnitTest.Test.csproj", "{ED4E1D95-83F6-4FE6-AAFC-AA74BAB3B53E}"
EndProject
Global
	GlobalSection(SolutionConfigurationPlatforms) = preSolution
		Debug|Any CPU = Debug|Any CPU
		Release|Any CPU = Release|Any CPU
	EndGlobalSection
	GlobalSection(ProjectConfigurationPlatforms) = postSolution
		{594BB277-72B1-428C-8196-F0300861BE85}.Debug|Any CPU.ActiveCfg = Debug|Any CPU
		{594BB277-72B1-428C-8196-F0300861BE85}.Debug|Any CPU.Build.0 = Debug|Any CPU
		{594BB277-72B1-428C-8196-F0300861BE85}.Release|Any CPU.ActiveCfg = Release|Any CPU
		{594BB277-72B1-428C-8196-F0300861BE85}.Release|Any CPU.Build.0 = Release|Any CPU
		{2592B6FB-D032-4B39-B265-4F1EDC0DA93B}.Debug|Any CPU.ActiveCfg = Debug|Any CPU
		{2592B6FB-D032-4B39-B265-4F1EDC0DA93B}.Debug|Any CPU.Build.0 = Debug|Any CPU
		{2592B6FB-D032-4B39-B265-4F1EDC0DA93B}.Release|Any CPU.ActiveCfg = Release|Any CPU
		{2592B6FB-D032-4B39-B265-4F1EDC0DA93B}.Release|Any CPU.Build.0 = Release|Any CPU
		{ED4E1D95-83F6-4FE6-AAFC-AA74BAB3B53E}.Debug|Any CPU.ActiveCfg = Debug|Any CPU
		{ED4E1D95-83F6-4FE6-AAFC-AA74BAB3B53E}.Debug|Any CPU.Build.0 = Debug|Any CPU
		{ED4E1D95-83F6-4FE6-AAFC-AA74BAB3B53E}.Release|Any CPU.ActiveCfg = Release|Any CPU
		{ED4E1D95-83F6-4FE6-AAFC-AA74BAB3B53E}.Release|Any CPU.Build.0 = Release|Any CPU
	EndGlobalSection
	GlobalSection(SolutionProperties) = preSolution
		HideSolutionNode = FALSE
	EndGlobalSection
	GlobalSection(ExtensibilityGlobals) = postSolution
		SolutionGuid = {7FF68CFE-FD58-4330-90EC-B7E712A11847}
	EndGlobalSection
EndGlobal
